// !$*UTF8*$!
{
	archiveVersion = 1;
	classes = {
	};
	objectVersion = 46;
	objects = {

/* Begin PBXAggregateTarget section */
		86DC4DB10FCB412D8E7BBEA8 /* ZERO_CHECK */ = {
			isa = PBXAggregateTarget;
			buildConfigurationList = F80D25BC4BE84008AA21723C /* Build configuration list for PBXAggregateTarget "ZERO_CHECK" */;
			buildPhases = (
				BE9EC607B9904679B8E7F5C7 /* CMake Rules */,
			);
			dependencies = (
			);
			name = ZERO_CHECK;
			productName = ZERO_CHECK;
		};
		B1D09BCBA3D24EE983F900CF /* ALL_BUILD */ = {
			isa = PBXAggregateTarget;
			buildConfigurationList = 5FBFE58C91254E83BD223F5C /* Build configuration list for PBXAggregateTarget "ALL_BUILD" */;
			buildPhases = (
				E52705AB7B864C06BFA52181 /* CMake Rules */,
			);
			dependencies = (
				F307A04E70E34E06956E51A7 /* PBXTargetDependency */,
				76C3744D41284673960FEAD6 /* PBXTargetDependency */,
				935D4A36E9D74A85922C72A6 /* PBXTargetDependency */,
			);
			name = ALL_BUILD;
			productName = ALL_BUILD;
		};
/* End PBXAggregateTarget section */

/* Begin PBXBuildFile section */
		2A38B627C6604DDE8E100674 /* /Users/wilfriedkamga/Google Drive/Polymtl/INF4710 TPs/TP3/Resources/src/main.cpp */ = {isa = PBXBuildFile; fileRef = A05935B0ACA14C6A84807BD2 /* /Users/wilfriedkamga/Google Drive/Polymtl/INF4710 TPs/TP3/Resources/src/main.cpp */; settings = {COMPILER_FLAGS = ""; }; };
		4166C188B6D840C89605D8BA /* /Users/wilfriedkamga/Google Drive/Polymtl/INF4710 TPs/TP3/Resources/src/calcArete.cpp */ = {isa = PBXBuildFile; fileRef = 9EBEE58BB5044932BD38EFEA /* /Users/wilfriedkamga/Google Drive/Polymtl/INF4710 TPs/TP3/Resources/src/calcArete.cpp */; settings = {COMPILER_FLAGS = ""; }; };
		450EBEB1B3AB4F3D930F111A /* /Users/wilfriedkamga/Google Drive/Polymtl/INF4710 TPs/TP3/Resources/src/calcRatio.cpp */ = {isa = PBXBuildFile; fileRef = A750D343977745A5B0DE687B /* /Users/wilfriedkamga/Google Drive/Polymtl/INF4710 TPs/TP3/Resources/src/calcRatio.cpp */; settings = {COMPILER_FLAGS = ""; }; };
		5D253E130CC04FBD9A24B667 /* /Users/wilfriedkamga/Google Drive/Polymtl/INF4710 TPs/TP3/Resources/src/calcConvo.cpp */ = {isa = PBXBuildFile; fileRef = 96C6DD8CF2F34562BA72615C /* /Users/wilfriedkamga/Google Drive/Polymtl/INF4710 TPs/TP3/Resources/src/calcConvo.cpp */; settings = {COMPILER_FLAGS = ""; }; };
		6226550056224BE0B979C946 /* /Users/wilfriedkamga/Google Drive/Polymtl/INF4710 TPs/TP3/Resources/CMakeLists.txt */ = {isa = PBXBuildFile; fileRef = E06D2F615E4A484983776CDA /* /Users/wilfriedkamga/Google Drive/Polymtl/INF4710 TPs/TP3/Resources/CMakeLists.txt */; settings = {COMPILER_FLAGS = ""; }; };
		6AA7EF8BD81B40CB801CF528 /* /Users/wilfriedkamga/Google Drive/Polymtl/INF4710 TPs/TP3/Resources/include/defines.hpp */ = {isa = PBXBuildFile; fileRef = 803BCB6069634AC29CC6B43A /* /Users/wilfriedkamga/Google Drive/Polymtl/INF4710 TPs/TP3/Resources/include/defines.hpp */; settings = {COMPILER_FLAGS = ""; }; };
		7669037636E348048902FD9A /* /Users/wilfriedkamga/Google Drive/Polymtl/INF4710 TPs/TP3/Resources/CMakeLists.txt */ = {isa = PBXBuildFile; fileRef = E6F00990E7B44C3DBAE19C45 /* /Users/wilfriedkamga/Google Drive/Polymtl/INF4710 TPs/TP3/Resources/CMakeLists.txt */; settings = {COMPILER_FLAGS = ""; }; };
		B128845AA0AA405EB716BD90 /* /Users/wilfriedkamga/Google Drive/Polymtl/INF4710 TPs/TP3/Resources/include/common.hpp */ = {isa = PBXBuildFile; fileRef = D3BF1184F7534A7482ABDA3C /* /Users/wilfriedkamga/Google Drive/Polymtl/INF4710 TPs/TP3/Resources/include/common.hpp */; settings = {COMPILER_FLAGS = ""; }; };
		C3C7287A2A284180920E9049 /* /Users/wilfriedkamga/Google Drive/Polymtl/INF4710 TPs/TP3/Resources/src/calcCarteForce.cpp */ = {isa = PBXBuildFile; fileRef = 1855F9E440394334AF2DB164 /* /Users/wilfriedkamga/Google Drive/Polymtl/INF4710 TPs/TP3/Resources/src/calcCarteForce.cpp */; settings = {COMPILER_FLAGS = ""; }; };
		DF17BF39188B497083FBB09F /* /Users/wilfriedkamga/Google Drive/Polymtl/INF4710 TPs/TP3/Resources/src/lireVideo.cpp */ = {isa = PBXBuildFile; fileRef = 6166CCDD737F4B578F80C289 /* /Users/wilfriedkamga/Google Drive/Polymtl/INF4710 TPs/TP3/Resources/src/lireVideo.cpp */; settings = {COMPILER_FLAGS = ""; }; };
/* End PBXBuildFile section */

/* Begin PBXBuildStyle section */
		2B60FBBB8564482C82816705 /* Debug */ = {
			isa = PBXBuildStyle;
			buildSettings = {
				COPY_PHASE_STRIP = NO;
			};
			name = Debug;
		};
		40D00BAFA4204947BED33437 /* Release */ = {
			isa = PBXBuildStyle;
			buildSettings = {
				COPY_PHASE_STRIP = NO;
			};
			name = Release;
		};
		5BCF39FB679E4218877566C2 = {
			isa = PBXBuildStyle;
		};
/* End PBXBuildStyle section */

/* Begin PBXContainerItemProxy section */
		302EF7FFA74F4D1C8B8FC051 /* PBXContainerItemProxy */ = {
			isa = PBXContainerItemProxy;
			containerPortal = 2C8D532EABB84051B8A62EDE /* Project object */;
			proxyType = 1;
			remoteGlobalIDString = 86DC4DB10FCB412D8E7BBEA8;
			remoteInfo = ZERO_CHECK;
		};
		5D44E130BF0C4EC0908A5F71 /* PBXContainerItemProxy */ = {
			isa = PBXContainerItemProxy;
			containerPortal = 2C8D532EABB84051B8A62EDE /* Project object */;
			proxyType = 1;
			remoteGlobalIDString = 86DC4DB10FCB412D8E7BBEA8;
			remoteInfo = ZERO_CHECK;
		};
		74B680D18EB942C7B8F02223 /* PBXContainerItemProxy */ = {
			isa = PBXContainerItemProxy;
			containerPortal = 2C8D532EABB84051B8A62EDE /* Project object */;
			proxyType = 1;
			remoteGlobalIDString = C98E9D1C9414466FA226A1D8;
			remoteInfo = tp3_lib;
		};
		8171077462D84E85B239D056 /* PBXContainerItemProxy */ = {
			isa = PBXContainerItemProxy;
			containerPortal = 2C8D532EABB84051B8A62EDE /* Project object */;
			proxyType = 1;
			remoteGlobalIDString = A72FD5577F014CE6B376F747;
			remoteInfo = main;
		};
		EFB1CFBB53444F69BC5D5B62 /* PBXContainerItemProxy */ = {
			isa = PBXContainerItemProxy;
			containerPortal = 2C8D532EABB84051B8A62EDE /* Project object */;
			proxyType = 1;
			remoteGlobalIDString = 86DC4DB10FCB412D8E7BBEA8;
			remoteInfo = ZERO_CHECK;
		};
		FADD72B974374F9688A58238 /* PBXContainerItemProxy */ = {
			isa = PBXContainerItemProxy;
			containerPortal = 2C8D532EABB84051B8A62EDE /* Project object */;
			proxyType = 1;
			remoteGlobalIDString = C98E9D1C9414466FA226A1D8;
			remoteInfo = tp3_lib;
		};
/* End PBXContainerItemProxy section */

/* Begin PBXFileReference section */
		0925603954A9485992EE757C /* main */ = {isa = PBXFileReference; explicitFileType = "compiled.mach-o.executable"; path = main; sourceTree = BUILT_PRODUCTS_DIR; };
		1855F9E440394334AF2DB164 /* /Users/wilfriedkamga/Google Drive/Polymtl/INF4710 TPs/TP3/Resources/src/calcCarteForce.cpp */ = {isa = PBXFileReference; explicitFileType = sourcecode.cpp.cpp; fileEncoding = 4; name = calcCarteForce.cpp; path = src/calcCarteForce.cpp; sourceTree = SOURCE_ROOT; };
		6166CCDD737F4B578F80C289 /* /Users/wilfriedkamga/Google Drive/Polymtl/INF4710 TPs/TP3/Resources/src/lireVideo.cpp */ = {isa = PBXFileReference; explicitFileType = sourcecode.cpp.cpp; fileEncoding = 4; name = lireVideo.cpp; path = src/lireVideo.cpp; sourceTree = SOURCE_ROOT; };
		803BCB6069634AC29CC6B43A /* /Users/wilfriedkamga/Google Drive/Polymtl/INF4710 TPs/TP3/Resources/include/defines.hpp */ = {isa = PBXFileReference; explicitFileType = sourcecode.cpp.h; fileEncoding = 4; name = defines.hpp; path = include/defines.hpp; sourceTree = SOURCE_ROOT; };
		96C6DD8CF2F34562BA72615C /* /Users/wilfriedkamga/Google Drive/Polymtl/INF4710 TPs/TP3/Resources/src/calcConvo.cpp */ = {isa = PBXFileReference; explicitFileType = sourcecode.cpp.cpp; fileEncoding = 4; name = calcConvo.cpp; path = src/calcConvo.cpp; sourceTree = SOURCE_ROOT; };
		9EBEE58BB5044932BD38EFEA /* /Users/wilfriedkamga/Google Drive/Polymtl/INF4710 TPs/TP3/Resources/src/calcArete.cpp */ = {isa = PBXFileReference; explicitFileType = sourcecode.cpp.cpp; fileEncoding = 4; name = calcArete.cpp; path = src/calcArete.cpp; sourceTree = SOURCE_ROOT; };
		A05935B0ACA14C6A84807BD2 /* /Users/wilfriedkamga/Google Drive/Polymtl/INF4710 TPs/TP3/Resources/src/main.cpp */ = {isa = PBXFileReference; explicitFileType = sourcecode.cpp.cpp; fileEncoding = 4; name = main.cpp; path = src/main.cpp; sourceTree = SOURCE_ROOT; };
		A750D343977745A5B0DE687B /* /Users/wilfriedkamga/Google Drive/Polymtl/INF4710 TPs/TP3/Resources/src/calcRatio.cpp */ = {isa = PBXFileReference; explicitFileType = sourcecode.cpp.cpp; fileEncoding = 4; name = calcRatio.cpp; path = src/calcRatio.cpp; sourceTree = SOURCE_ROOT; };
		BB1862F79122474D89B14CFE /* tp3_lib */ = {isa = PBXFileReference; explicitFileType = archive.ar; path = libtp3_lib.a; sourceTree = BUILT_PRODUCTS_DIR; };
		C8D16B698DFA454E820584F6 /* /Users/wilfriedkamga/Google Drive/Polymtl/INF4710 TPs/TP3/Resources/CMakeLists.txt */ = {isa = PBXFileReference; explicitFileType = sourcecode.text; fileEncoding = 4; name = CMakeLists.txt; path = CMakeLists.txt; sourceTree = SOURCE_ROOT; };
		D3BF1184F7534A7482ABDA3C /* /Users/wilfriedkamga/Google Drive/Polymtl/INF4710 TPs/TP3/Resources/include/common.hpp */ = {isa = PBXFileReference; explicitFileType = sourcecode.cpp.h; fileEncoding = 4; name = common.hpp; path = include/common.hpp; sourceTree = SOURCE_ROOT; };
		E06D2F615E4A484983776CDA /* /Users/wilfriedkamga/Google Drive/Polymtl/INF4710 TPs/TP3/Resources/CMakeLists.txt */ = {isa = PBXFileReference; explicitFileType = sourcecode.text; fileEncoding = 4; name = CMakeLists.txt; path = CMakeLists.txt; sourceTree = SOURCE_ROOT; };
		E6F00990E7B44C3DBAE19C45 /* /Users/wilfriedkamga/Google Drive/Polymtl/INF4710 TPs/TP3/Resources/CMakeLists.txt */ = {isa = PBXFileReference; explicitFileType = sourcecode.text; fileEncoding = 4; name = CMakeLists.txt; path = CMakeLists.txt; sourceTree = SOURCE_ROOT; };
		F528401A643349188A86E173 /* /Users/wilfriedkamga/Google Drive/Polymtl/INF4710 TPs/TP3/Resources/CMakeLists.txt */ = {isa = PBXFileReference; explicitFileType = sourcecode.text; fileEncoding = 4; name = CMakeLists.txt; path = CMakeLists.txt; sourceTree = SOURCE_ROOT; };
/* End PBXFileReference section */

/* Begin PBXGroup section */
		090FACD2BA634597AA9E7456 /* ZERO_CHECK */ = {
			isa = PBXGroup;
			children = (
				2FCAD6333C664E379FE8E64A /* CMake Rules */,
				F528401A643349188A86E173 /* /Users/wilfriedkamga/Google Drive/Polymtl/INF4710 TPs/TP3/Resources/CMakeLists.txt */,
			);
			name = ZERO_CHECK;
			sourceTree = "<group>";
		};
		2FCAD6333C664E379FE8E64A /* CMake Rules */ = {
			isa = PBXGroup;
			children = (
			);
			name = "CMake Rules";
			sourceTree = "<group>";
		};
		53608585A3A14C7B94490A0F /* Source Files */ = {
			isa = PBXGroup;
			children = (
				A05935B0ACA14C6A84807BD2 /* /Users/wilfriedkamga/Google Drive/Polymtl/INF4710 TPs/TP3/Resources/src/main.cpp */,
			);
			name = "Source Files";
			sourceTree = "<group>";
		};
		6C626896354C4301B224FB9F /* Sources */ = {
			isa = PBXGroup;
			children = (
				88FBE037738C4E5AB3E280B6 /* main */,
				B9FBA2AF6A464A2BBD0607F9 /* tp3_lib */,
				86F6187ADBDE4E2DACCA10E1 /* ALL_BUILD */,
				090FACD2BA634597AA9E7456 /* ZERO_CHECK */,
			);
			name = Sources;
			sourceTree = "<group>";
		};
		86F6187ADBDE4E2DACCA10E1 /* ALL_BUILD */ = {
			isa = PBXGroup;
			children = (
				F9B6C17512BD47B3AF59256E /* CMake Rules */,
				C8D16B698DFA454E820584F6 /* /Users/wilfriedkamga/Google Drive/Polymtl/INF4710 TPs/TP3/Resources/CMakeLists.txt */,
			);
			name = ALL_BUILD;
			sourceTree = "<group>";
		};
		88FBE037738C4E5AB3E280B6 /* main */ = {
			isa = PBXGroup;
			children = (
				53608585A3A14C7B94490A0F /* Source Files */,
				E6F00990E7B44C3DBAE19C45 /* /Users/wilfriedkamga/Google Drive/Polymtl/INF4710 TPs/TP3/Resources/CMakeLists.txt */,
			);
			name = main;
			sourceTree = "<group>";
		};
		9D1677AEF9DA4692BF6BD39E = {
			isa = PBXGroup;
			children = (
				6C626896354C4301B224FB9F /* Sources */,
				E45D6F71DA2C4BC5B1B7735F /* Resources */,
				AB36AF7D33D64E4FB3F0687E /* Products */,
			);
			sourceTree = "<group>";
		};
		9D5238C35B3E412AA0C691EA /* Header Files */ = {
			isa = PBXGroup;
			children = (
				D3BF1184F7534A7482ABDA3C /* /Users/wilfriedkamga/Google Drive/Polymtl/INF4710 TPs/TP3/Resources/include/common.hpp */,
				803BCB6069634AC29CC6B43A /* /Users/wilfriedkamga/Google Drive/Polymtl/INF4710 TPs/TP3/Resources/include/defines.hpp */,
			);
			name = "Header Files";
			sourceTree = "<group>";
		};
		AB36AF7D33D64E4FB3F0687E /* Products */ = {
			isa = PBXGroup;
			children = (
				0925603954A9485992EE757C /* main */,
				BB1862F79122474D89B14CFE /* tp3_lib */,
			);
			name = Products;
			sourceTree = "<group>";
		};
		B05D9A34D018416BB1596BF7 /* Source Files */ = {
			isa = PBXGroup;
			children = (
				9EBEE58BB5044932BD38EFEA /* /Users/wilfriedkamga/Google Drive/Polymtl/INF4710 TPs/TP3/Resources/src/calcArete.cpp */,
				1855F9E440394334AF2DB164 /* /Users/wilfriedkamga/Google Drive/Polymtl/INF4710 TPs/TP3/Resources/src/calcCarteForce.cpp */,
				96C6DD8CF2F34562BA72615C /* /Users/wilfriedkamga/Google Drive/Polymtl/INF4710 TPs/TP3/Resources/src/calcConvo.cpp */,
				A750D343977745A5B0DE687B /* /Users/wilfriedkamga/Google Drive/Polymtl/INF4710 TPs/TP3/Resources/src/calcRatio.cpp */,
				6166CCDD737F4B578F80C289 /* /Users/wilfriedkamga/Google Drive/Polymtl/INF4710 TPs/TP3/Resources/src/lireVideo.cpp */,
			);
			name = "Source Files";
			sourceTree = "<group>";
		};
		B9FBA2AF6A464A2BBD0607F9 /* tp3_lib */ = {
			isa = PBXGroup;
			children = (
				B05D9A34D018416BB1596BF7 /* Source Files */,
				9D5238C35B3E412AA0C691EA /* Header Files */,
				E06D2F615E4A484983776CDA /* /Users/wilfriedkamga/Google Drive/Polymtl/INF4710 TPs/TP3/Resources/CMakeLists.txt */,
			);
			name = tp3_lib;
			sourceTree = "<group>";
		};
		E45D6F71DA2C4BC5B1B7735F /* Resources */ = {
			isa = PBXGroup;
			children = (
			);
			name = Resources;
			sourceTree = "<group>";
		};
		F9B6C17512BD47B3AF59256E /* CMake Rules */ = {
			isa = PBXGroup;
			children = (
			);
			name = "CMake Rules";
			sourceTree = "<group>";
		};
/* End PBXGroup section */

/* Begin PBXNativeTarget section */
		A72FD5577F014CE6B376F747 /* main */ = {
			isa = PBXNativeTarget;
			buildConfigurationList = 78F599ED4AB04956B22E95AB /* Build configuration list for PBXNativeTarget "main" */;
			buildPhases = (
				E608BA253E52484E9F8230DF /* Sources */,
			);
			buildRules = (
			);
			dependencies = (
				75634E416206424EB62F82D8 /* PBXTargetDependency */,
				E4E05BEF51E04D819AB6C2D0 /* PBXTargetDependency */,
			);
			name = main;
			productName = main;
			productReference = 0925603954A9485992EE757C /* main */;
			productType = "com.apple.product-type.tool";
		};
		C98E9D1C9414466FA226A1D8 /* tp3_lib */ = {
			isa = PBXNativeTarget;
			buildConfigurationList = 4CBD43C6FDB34A77BE8903B3 /* Build configuration list for PBXNativeTarget "tp3_lib" */;
			buildPhases = (
				B0C726C236F94868B320E1A5 /* Sources */,
			);
			buildRules = (
			);
			dependencies = (
				34B53F21A3C3434AB8425D86 /* PBXTargetDependency */,
			);
			name = tp3_lib;
			productName = tp3_lib;
			productReference = BB1862F79122474D89B14CFE /* tp3_lib */;
			productType = "com.apple.product-type.library.static";
		};
/* End PBXNativeTarget section */

/* Begin PBXProject section */
		2C8D532EABB84051B8A62EDE /* Project object */ = {
			isa = PBXProject;
			attributes = {
				BuildIndependentTargetsInParallel = YES;
				LastUpgradeCheck = 0900;
			};
			buildConfigurationList = 33D7353989044CAEB1E48BEA /* Build configuration list for PBXProject "INF4710_TP3" */;
			buildSettings = {
			};
			buildStyles = (
				2B60FBBB8564482C82816705 /* Debug */,
				40D00BAFA4204947BED33437 /* Release */,
			);
			compatibilityVersion = "Xcode 3.2";
			hasScannedForEncodings = 0;
			mainGroup = 9D1677AEF9DA4692BF6BD39E;
			projectDirPath = "/Users/wilfriedkamga/Google Drive/Polymtl/INF4710 TPs/TP3/Resources";
			projectRoot = "";
			targets = (
				B1D09BCBA3D24EE983F900CF /* ALL_BUILD */,
				86DC4DB10FCB412D8E7BBEA8 /* ZERO_CHECK */,
				A72FD5577F014CE6B376F747 /* main */,
				C98E9D1C9414466FA226A1D8 /* tp3_lib */,
			);
		};
/* End PBXProject section */

/* Begin PBXShellScriptBuildPhase section */
		0611A0D04AE8459081DED04D = {
			isa = PBXShellScriptBuildPhase;
			buildActionMask = 2147483647;
			files = (
			);
			inputPaths = (
			);
			outputPaths = (
			);
			runOnlyForDeploymentPostprocessing = 0;
			shellPath = /bin/sh;
			shellScript = "# shell script goes here
exit 0";
			showEnvVarsInLog = 0;
		};
		8A97D6F918CC45D9906B8EB2 = {
			isa = PBXShellScriptBuildPhase;
			buildActionMask = 2147483647;
			files = (
			);
			inputPaths = (
			);
			outputPaths = (
			);
			runOnlyForDeploymentPostprocessing = 0;
			shellPath = /bin/sh;
			shellScript = "# shell script goes here
exit 0";
			showEnvVarsInLog = 0;
		};
		BE9EC607B9904679B8E7F5C7 /* CMake Rules */ = {
			isa = PBXShellScriptBuildPhase;
			buildActionMask = 2147483647;
			files = (
			);
			name = "CMake Rules";
			runOnlyForDeploymentPostprocessing = 0;
			shellPath = /bin/sh;
			shellScript = "make -C /Users/wilfriedkamga/Google\\ Drive/Polymtl/INF4710\\ TPs/TP3/Solution -f /Users/wilfriedkamga/Google\\ Drive/Polymtl/INF4710\\ TPs/TP3/Solution/CMakeScripts/ZERO_CHECK_cmakeRulesBuildPhase.make$CONFIGURATION all";
			showEnvVarsInLog = 0;
		};
		E52705AB7B864C06BFA52181 /* CMake Rules */ = {
			isa = PBXShellScriptBuildPhase;
			buildActionMask = 2147483647;
			files = (
			);
			name = "CMake Rules";
			runOnlyForDeploymentPostprocessing = 0;
			shellPath = /bin/sh;
			shellScript = "make -C /Users/wilfriedkamga/Google\\ Drive/Polymtl/INF4710\\ TPs/TP3/Solution -f /Users/wilfriedkamga/Google\\ Drive/Polymtl/INF4710\\ TPs/TP3/Solution/CMakeScripts/ALL_BUILD_cmakeRulesBuildPhase.make$CONFIGURATION all";
			showEnvVarsInLog = 0;
		};
/* End PBXShellScriptBuildPhase section */

/* Begin PBXSourcesBuildPhase section */
		B0C726C236F94868B320E1A5 /* Sources */ = {
			isa = PBXSourcesBuildPhase;
			buildActionMask = 2147483647;
			files = (
				4166C188B6D840C89605D8BA /* /Users/wilfriedkamga/Google Drive/Polymtl/INF4710 TPs/TP3/Resources/src/calcArete.cpp */,
				C3C7287A2A284180920E9049 /* /Users/wilfriedkamga/Google Drive/Polymtl/INF4710 TPs/TP3/Resources/src/calcCarteForce.cpp */,
				5D253E130CC04FBD9A24B667 /* /Users/wilfriedkamga/Google Drive/Polymtl/INF4710 TPs/TP3/Resources/src/calcConvo.cpp */,
				450EBEB1B3AB4F3D930F111A /* /Users/wilfriedkamga/Google Drive/Polymtl/INF4710 TPs/TP3/Resources/src/calcRatio.cpp */,
				DF17BF39188B497083FBB09F /* /Users/wilfriedkamga/Google Drive/Polymtl/INF4710 TPs/TP3/Resources/src/lireVideo.cpp */,
			);
			runOnlyForDeploymentPostprocessing = 0;
		};
		E608BA253E52484E9F8230DF /* Sources */ = {
			isa = PBXSourcesBuildPhase;
			buildActionMask = 2147483647;
			files = (
				2A38B627C6604DDE8E100674 /* /Users/wilfriedkamga/Google Drive/Polymtl/INF4710 TPs/TP3/Resources/src/main.cpp */,
			);
			runOnlyForDeploymentPostprocessing = 0;
		};
/* End PBXSourcesBuildPhase section */

/* Begin PBXTargetDependency section */
		34B53F21A3C3434AB8425D86 /* PBXTargetDependency */ = {
			isa = PBXTargetDependency;
			target = 86DC4DB10FCB412D8E7BBEA8 /* ZERO_CHECK */;
			targetProxy = EFB1CFBB53444F69BC5D5B62 /* PBXContainerItemProxy */;
		};
		75634E416206424EB62F82D8 /* PBXTargetDependency */ = {
			isa = PBXTargetDependency;
			target = C98E9D1C9414466FA226A1D8 /* tp3_lib */;
			targetProxy = 74B680D18EB942C7B8F02223 /* PBXContainerItemProxy */;
		};
		76C3744D41284673960FEAD6 /* PBXTargetDependency */ = {
			isa = PBXTargetDependency;
			target = C98E9D1C9414466FA226A1D8 /* tp3_lib */;
			targetProxy = FADD72B974374F9688A58238 /* PBXContainerItemProxy */;
		};
		935D4A36E9D74A85922C72A6 /* PBXTargetDependency */ = {
			isa = PBXTargetDependency;
			target = 86DC4DB10FCB412D8E7BBEA8 /* ZERO_CHECK */;
			targetProxy = 302EF7FFA74F4D1C8B8FC051 /* PBXContainerItemProxy */;
		};
		E4E05BEF51E04D819AB6C2D0 /* PBXTargetDependency */ = {
			isa = PBXTargetDependency;
			target = 86DC4DB10FCB412D8E7BBEA8 /* ZERO_CHECK */;
			targetProxy = 5D44E130BF0C4EC0908A5F71 /* PBXContainerItemProxy */;
		};
		F307A04E70E34E06956E51A7 /* PBXTargetDependency */ = {
			isa = PBXTargetDependency;
			target = A72FD5577F014CE6B376F747 /* main */;
			targetProxy = 8171077462D84E85B239D056 /* PBXContainerItemProxy */;
		};
/* End PBXTargetDependency section */

/* Begin XCBuildConfiguration section */
		16B28876ABB2423AB7C45498 /* Debug */ = {
			isa = XCBuildConfiguration;
			buildSettings = {
				COMBINE_HIDPI_IMAGES = YES;
				GCC_GENERATE_DEBUGGING_SYMBOLS = YES;
				GCC_INLINES_ARE_PRIVATE_EXTERN = NO;
				GCC_OPTIMIZATION_LEVEL = 0;
				GCC_PREPROCESSOR_DEFINITIONS = ("'CMAKE_INTDIR=\"$(CONFIGURATION)$(EFFECTIVE_PLATFORM_NAME)\"'");
				GCC_SYMBOLS_PRIVATE_EXTERN = NO;
				HEADER_SEARCH_PATHS = (/usr/local/include,/usr/local/include/opencv,"\"/Users/wilfriedkamga/Google Drive/Polymtl/INF4710 TPs/TP3/Resources/include\"","\"/Users/wilfriedkamga/Google Drive/Polymtl/INF4710 TPs/TP3/Solution/include\"");
				INSTALL_PATH = "";
				OTHER_LDFLAGS = " ";
				OTHER_REZFLAGS = "";
				PRODUCT_NAME = ZERO_CHECK;
				SECTORDER_FLAGS = "";
				SYMROOT = "/Users/wilfriedkamga/Google Drive/Polymtl/INF4710 TPs/TP3/Solution";
				USE_HEADERMAP = NO;
				WARNING_CFLAGS = ("-Wmost","-Wno-four-char-constants","-Wno-unknown-pragmas","$(inherited)");
			};
			name = Debug;
		};
		2E92D4E8BB894DFB9661CF95 /* Debug */ = {
			isa = XCBuildConfiguration;
			buildSettings = {
				COMBINE_HIDPI_IMAGES = YES;
				EXECUTABLE_PREFIX = lib;
				EXECUTABLE_SUFFIX = .a;
				GCC_GENERATE_DEBUGGING_SYMBOLS = YES;
				GCC_INLINES_ARE_PRIVATE_EXTERN = NO;
				GCC_OPTIMIZATION_LEVEL = 0;
				GCC_PREPROCESSOR_DEFINITIONS = ("'CMAKE_INTDIR=\"$(CONFIGURATION)$(EFFECTIVE_PLATFORM_NAME)\"'",DEBUG,_DEBUG);
				GCC_SYMBOLS_PRIVATE_EXTERN = NO;
				HEADER_SEARCH_PATHS = (/usr/local/include,/usr/local/include/opencv,"\"/Users/wilfriedkamga/Google Drive/Polymtl/INF4710 TPs/TP3/Resources/include\"","\"/Users/wilfriedkamga/Google Drive/Polymtl/INF4710 TPs/TP3/Solution/include\"");
				INSTALL_PATH = "";
				LIBRARY_STYLE = STATIC;
				OTHER_CPLUSPLUSFLAGS = " -std=c++11    '-std=gnu++11'   -march=native -Wall";
				OTHER_LIBTOOLFLAGS = " ";
				OTHER_REZFLAGS = "";
				PRODUCT_NAME = tp3_lib;
				SECTORDER_FLAGS = "";
				SYMROOT = "/Users/wilfriedkamga/Google Drive/Polymtl/INF4710 TPs/TP3/Solution";
				USE_HEADERMAP = NO;
				WARNING_CFLAGS = ("-Wmost","-Wno-four-char-constants","-Wno-unknown-pragmas","$(inherited)");
			};
			name = Debug;
		};
		5BFA92C98EF847CCAB7282DC /* Debug */ = {
			isa = XCBuildConfiguration;
			buildSettings = {
				ONLY_ACTIVE_ARCH = YES;
				SDKROOT = /Applications/Xcode.app/Contents/Developer/Platforms/MacOSX.platform/Developer/SDKs/MacOSX10.13.sdk;
				SYMROOT = "/Users/wilfriedkamga/Google Drive/Polymtl/INF4710 TPs/TP3/Solution/build";
			};
			name = Debug;
		};
		5DB48BF8730A4B70B22144D0 /* Release */ = {
			isa = XCBuildConfiguration;
			buildSettings = {
				COMBINE_HIDPI_IMAGES = YES;
				CONFIGURATION_BUILD_DIR = "/Users/wilfriedkamga/Google Drive/Polymtl/INF4710 TPs/TP3/Solution/bin";
				EXECUTABLE_PREFIX = "";
				EXECUTABLE_SUFFIX = "";
				GCC_GENERATE_DEBUGGING_SYMBOLS = NO;
				GCC_INLINES_ARE_PRIVATE_EXTERN = NO;
				GCC_OPTIMIZATION_LEVEL = 3;
				GCC_PREPROCESSOR_DEFINITIONS = ("'CMAKE_INTDIR=\"$(CONFIGURATION)$(EFFECTIVE_PLATFORM_NAME)\"'");
				GCC_SYMBOLS_PRIVATE_EXTERN = NO;
				HEADER_SEARCH_PATHS = (/usr/local/include,/usr/local/include/opencv,"\"/Users/wilfriedkamga/Google Drive/Polymtl/INF4710 TPs/TP3/Resources/include\"","\"/Users/wilfriedkamga/Google Drive/Polymtl/INF4710 TPs/TP3/Solution/include\"");
				INSTALL_PATH = "";
				LD_RUNPATH_SEARCH_PATHS = /usr/local/lib;
				LIBRARY_SEARCH_PATHS = "";
				OTHER_CPLUSPLUSFLAGS = " -std=c++11     -DNDEBUG '-std=gnu++11'   -march=native -Wall";
				OTHER_LDFLAGS = " -Wl,-search_paths_first -Wl,-headerpad_max_install_names  \"/Users/wilfriedkamga/Google Drive/Polymtl/INF4710 TPs/TP3/Solution/Release/libtp3_lib.a\" /usr/local/lib/libopencv_dnn.3.3.0.dylib /usr/local/lib/libopencv_ml.3.3.0.dylib /usr/local/lib/libopencv_objdetect.3.3.0.dylib /usr/local/lib/libopencv_shape.3.3.0.dylib /usr/local/lib/libopencv_stitching.3.3.0.dylib /usr/local/lib/libopencv_superres.3.3.0.dylib /usr/local/lib/libopencv_videostab.3.3.0.dylib /usr/local/lib/libopencv_calib3d.3.3.0.dylib /usr/local/lib/libopencv_features2d.3.3.0.dylib /usr/local/lib/libopencv_flann.3.3.0.dylib /usr/local/lib/libopencv_highgui.3.3.0.dylib /usr/local/lib/libopencv_photo.3.3.0.dylib /usr/local/lib/libopencv_video.3.3.0.dylib /usr/local/lib/libopencv_videoio.3.3.0.dylib /usr/local/lib/libopencv_imgcodecs.3.3.0.dylib /usr/local/lib/libopencv_imgproc.3.3.0.dylib /usr/local/lib/libopencv_core.3.3.0.dylib";
				OTHER_REZFLAGS = "";
				PRODUCT_NAME = main;
				SECTORDER_FLAGS = "";
				SYMROOT = "/Users/wilfriedkamga/Google Drive/Polymtl/INF4710 TPs/TP3/Solution";
				USE_HEADERMAP = NO;
				WARNING_CFLAGS = ("-Wmost","-Wno-four-char-constants","-Wno-unknown-pragmas","$(inherited)");
			};
			name = Release;
		};
		8D3D4541217A428E8C420790 /* Release */ = {
			isa = XCBuildConfiguration;
			buildSettings = {
				COMBINE_HIDPI_IMAGES = YES;
				EXECUTABLE_PREFIX = lib;
				EXECUTABLE_SUFFIX = .a;
				GCC_GENERATE_DEBUGGING_SYMBOLS = NO;
				GCC_INLINES_ARE_PRIVATE_EXTERN = NO;
				GCC_OPTIMIZATION_LEVEL = 3;
				GCC_PREPROCESSOR_DEFINITIONS = ("'CMAKE_INTDIR=\"$(CONFIGURATION)$(EFFECTIVE_PLATFORM_NAME)\"'");
				GCC_SYMBOLS_PRIVATE_EXTERN = NO;
				HEADER_SEARCH_PATHS = (/usr/local/include,/usr/local/include/opencv,"\"/Users/wilfriedkamga/Google Drive/Polymtl/INF4710 TPs/TP3/Resources/include\"","\"/Users/wilfriedkamga/Google Drive/Polymtl/INF4710 TPs/TP3/Solution/include\"");
				INSTALL_PATH = "";
				LIBRARY_STYLE = STATIC;
				OTHER_CPLUSPLUSFLAGS = " -std=c++11     -DNDEBUG '-std=gnu++11'   -march=native -Wall";
				OTHER_LIBTOOLFLAGS = " ";
				OTHER_REZFLAGS = "";
				PRODUCT_NAME = tp3_lib;
				SECTORDER_FLAGS = "";
				SYMROOT = "/Users/wilfriedkamga/Google Drive/Polymtl/INF4710 TPs/TP3/Solution";
				USE_HEADERMAP = NO;
				WARNING_CFLAGS = ("-Wmost","-Wno-four-char-constants","-Wno-unknown-pragmas","$(inherited)");
			};
			name = Release;
		};
		973172891C964CE385A2C8B2 /* Debug */ = {
			isa = XCBuildConfiguration;
			buildSettings = {
				COMBINE_HIDPI_IMAGES = YES;
				CONFIGURATION_BUILD_DIR = "/Users/wilfriedkamga/Google Drive/Polymtl/INF4710 TPs/TP3/Solution/bin";
				EXECUTABLE_PREFIX = "";
				EXECUTABLE_SUFFIX = "";
				GCC_GENERATE_DEBUGGING_SYMBOLS = YES;
				GCC_INLINES_ARE_PRIVATE_EXTERN = NO;
				GCC_OPTIMIZATION_LEVEL = 0;
				GCC_PREPROCESSOR_DEFINITIONS = ("'CMAKE_INTDIR=\"$(CONFIGURATION)$(EFFECTIVE_PLATFORM_NAME)\"'",DEBUG,_DEBUG);
				GCC_SYMBOLS_PRIVATE_EXTERN = NO;
				HEADER_SEARCH_PATHS = (/usr/local/include,/usr/local/include/opencv,"\"/Users/wilfriedkamga/Google Drive/Polymtl/INF4710 TPs/TP3/Resources/include\"","\"/Users/wilfriedkamga/Google Drive/Polymtl/INF4710 TPs/TP3/Solution/include\"");
				INSTALL_PATH = "";
				LD_RUNPATH_SEARCH_PATHS = /usr/local/lib;
				LIBRARY_SEARCH_PATHS = "";
				OTHER_CPLUSPLUSFLAGS = " -std=c++11    '-std=gnu++11'   -march=native -Wall";
				OTHER_LDFLAGS = " -Wl,-search_paths_first -Wl,-headerpad_max_install_names  \"/Users/wilfriedkamga/Google Drive/Polymtl/INF4710 TPs/TP3/Solution/Debug/libtp3_lib.a\" /usr/local/lib/libopencv_dnn.3.3.0.dylib /usr/local/lib/libopencv_ml.3.3.0.dylib /usr/local/lib/libopencv_objdetect.3.3.0.dylib /usr/local/lib/libopencv_shape.3.3.0.dylib /usr/local/lib/libopencv_stitching.3.3.0.dylib /usr/local/lib/libopencv_superres.3.3.0.dylib /usr/local/lib/libopencv_videostab.3.3.0.dylib /usr/local/lib/libopencv_calib3d.3.3.0.dylib /usr/local/lib/libopencv_features2d.3.3.0.dylib /usr/local/lib/libopencv_flann.3.3.0.dylib /usr/local/lib/libopencv_highgui.3.3.0.dylib /usr/local/lib/libopencv_photo.3.3.0.dylib /usr/local/lib/libopencv_video.3.3.0.dylib /usr/local/lib/libopencv_videoio.3.3.0.dylib /usr/local/lib/libopencv_imgcodecs.3.3.0.dylib /usr/local/lib/libopencv_imgproc.3.3.0.dylib /usr/local/lib/libopencv_core.3.3.0.dylib";
				OTHER_REZFLAGS = "";
				PRODUCT_NAME = main;
				SECTORDER_FLAGS = "";
				SYMROOT = "/Users/wilfriedkamga/Google Drive/Polymtl/INF4710 TPs/TP3/Solution";
				USE_HEADERMAP = NO;
				WARNING_CFLAGS = ("-Wmost","-Wno-four-char-constants","-Wno-unknown-pragmas","$(inherited)");
			};
			name = Debug;
		};
		9D7C8D649C4B4C0EB26CDC0B /* Debug */ = {
			isa = XCBuildConfiguration;
			buildSettings = {
				COMBINE_HIDPI_IMAGES = YES;
				GCC_GENERATE_DEBUGGING_SYMBOLS = YES;
				GCC_INLINES_ARE_PRIVATE_EXTERN = NO;
				GCC_OPTIMIZATION_LEVEL = 0;
				GCC_PREPROCESSOR_DEFINITIONS = ("'CMAKE_INTDIR=\"$(CONFIGURATION)$(EFFECTIVE_PLATFORM_NAME)\"'");
				GCC_SYMBOLS_PRIVATE_EXTERN = NO;
				HEADER_SEARCH_PATHS = (/usr/local/include,/usr/local/include/opencv,"\"/Users/wilfriedkamga/Google Drive/Polymtl/INF4710 TPs/TP3/Resources/include\"","\"/Users/wilfriedkamga/Google Drive/Polymtl/INF4710 TPs/TP3/Solution/include\"");
				INSTALL_PATH = "";
				OTHER_LDFLAGS = " ";
				OTHER_REZFLAGS = "";
				PRODUCT_NAME = ALL_BUILD;
				SECTORDER_FLAGS = "";
				SYMROOT = "/Users/wilfriedkamga/Google Drive/Polymtl/INF4710 TPs/TP3/Solution";
				USE_HEADERMAP = NO;
				WARNING_CFLAGS = ("-Wmost","-Wno-four-char-constants","-Wno-unknown-pragmas","$(inherited)");
			};
			name = Debug;
		};
		A3778B9ABF584A55BDB17CCB /* Release */ = {
			isa = XCBuildConfiguration;
			buildSettings = {
				COMBINE_HIDPI_IMAGES = YES;
				GCC_GENERATE_DEBUGGING_SYMBOLS = YES;
				GCC_INLINES_ARE_PRIVATE_EXTERN = NO;
				GCC_OPTIMIZATION_LEVEL = 0;
				GCC_PREPROCESSOR_DEFINITIONS = ("'CMAKE_INTDIR=\"$(CONFIGURATION)$(EFFECTIVE_PLATFORM_NAME)\"'");
				GCC_SYMBOLS_PRIVATE_EXTERN = NO;
				HEADER_SEARCH_PATHS = (/usr/local/include,/usr/local/include/opencv,"\"/Users/wilfriedkamga/Google Drive/Polymtl/INF4710 TPs/TP3/Resources/include\"","\"/Users/wilfriedkamga/Google Drive/Polymtl/INF4710 TPs/TP3/Solution/include\"");
				INSTALL_PATH = "";
				OTHER_LDFLAGS = " ";
				OTHER_REZFLAGS = "";
				PRODUCT_NAME = ALL_BUILD;
				SECTORDER_FLAGS = "";
				SYMROOT = "/Users/wilfriedkamga/Google Drive/Polymtl/INF4710 TPs/TP3/Solution";
				USE_HEADERMAP = NO;
				WARNING_CFLAGS = ("-Wmost","-Wno-four-char-constants","-Wno-unknown-pragmas","$(inherited)");
			};
			name = Release;
		};
		D4E5F9E052C545E4BC69B94E /* Release */ = {
			isa = XCBuildConfiguration;
			buildSettings = {
				COMBINE_HIDPI_IMAGES = YES;
				GCC_GENERATE_DEBUGGING_SYMBOLS = YES;
				GCC_INLINES_ARE_PRIVATE_EXTERN = NO;
				GCC_OPTIMIZATION_LEVEL = 0;
				GCC_PREPROCESSOR_DEFINITIONS = ("'CMAKE_INTDIR=\"$(CONFIGURATION)$(EFFECTIVE_PLATFORM_NAME)\"'");
				GCC_SYMBOLS_PRIVATE_EXTERN = NO;
				HEADER_SEARCH_PATHS = (/usr/local/include,/usr/local/include/opencv,"\"/Users/wilfriedkamga/Google Drive/Polymtl/INF4710 TPs/TP3/Resources/include\"","\"/Users/wilfriedkamga/Google Drive/Polymtl/INF4710 TPs/TP3/Solution/include\"");
				INSTALL_PATH = "";
				OTHER_LDFLAGS = " ";
				OTHER_REZFLAGS = "";
				PRODUCT_NAME = ZERO_CHECK;
				SECTORDER_FLAGS = "";
				SYMROOT = "/Users/wilfriedkamga/Google Drive/Polymtl/INF4710 TPs/TP3/Solution";
				USE_HEADERMAP = NO;
				WARNING_CFLAGS = ("-Wmost","-Wno-four-char-constants","-Wno-unknown-pragmas","$(inherited)");
			};
			name = Release;
		};
		D916302CF19E4A73B2A26997 /* Release */ = {
			isa = XCBuildConfiguration;
			buildSettings = {
				ONLY_ACTIVE_ARCH = YES;
				SDKROOT = /Applications/Xcode.app/Contents/Developer/Platforms/MacOSX.platform/Developer/SDKs/MacOSX10.13.sdk;
				SYMROOT = "/Users/wilfriedkamga/Google Drive/Polymtl/INF4710 TPs/TP3/Solution/build";
			};
			name = Release;
		};
/* End XCBuildConfiguration section */

/* Begin XCConfigurationList section */
		33D7353989044CAEB1E48BEA /* Build configuration list for PBXProject "INF4710_TP3" */ = {
			isa = XCConfigurationList;
			buildConfigurations = (
				5BFA92C98EF847CCAB7282DC /* Debug */,
				D916302CF19E4A73B2A26997 /* Release */,
			);
			defaultConfigurationIsVisible = 0;
			defaultConfigurationName = Debug;
		};
		4CBD43C6FDB34A77BE8903B3 /* Build configuration list for PBXNativeTarget "tp3_lib" */ = {
			isa = XCConfigurationList;
			buildConfigurations = (
				2E92D4E8BB894DFB9661CF95 /* Debug */,
				8D3D4541217A428E8C420790 /* Release */,
			);
			defaultConfigurationIsVisible = 0;
			defaultConfigurationName = Debug;
		};
		5FBFE58C91254E83BD223F5C /* Build configuration list for PBXAggregateTarget "ALL_BUILD" */ = {
			isa = XCConfigurationList;
			buildConfigurations = (
				9D7C8D649C4B4C0EB26CDC0B /* Debug */,
				A3778B9ABF584A55BDB17CCB /* Release */,
			);
			defaultConfigurationIsVisible = 0;
			defaultConfigurationName = Debug;
		};
		78F599ED4AB04956B22E95AB /* Build configuration list for PBXNativeTarget "main" */ = {
			isa = XCConfigurationList;
			buildConfigurations = (
				973172891C964CE385A2C8B2 /* Debug */,
				5DB48BF8730A4B70B22144D0 /* Release */,
			);
			defaultConfigurationIsVisible = 0;
			defaultConfigurationName = Debug;
		};
		F80D25BC4BE84008AA21723C /* Build configuration list for PBXAggregateTarget "ZERO_CHECK" */ = {
			isa = XCConfigurationList;
			buildConfigurations = (
				16B28876ABB2423AB7C45498 /* Debug */,
				D4E5F9E052C545E4BC69B94E /* Release */,
			);
			defaultConfigurationIsVisible = 0;
			defaultConfigurationName = Debug;
		};
/* End XCConfigurationList section */
	};
	rootObject = 2C8D532EABB84051B8A62EDE /* Project object */;
}
