// !$*UTF8*$!
{
	archiveVersion = 1;
	classes = {
	};
	objectVersion = 46;
	objects = {

/* Begin PBXAggregateTarget section */
		86DC4DB10FCB412D8E7BBEA8 /* ZERO_CHECK */ = {
			isa = PBXAggregateTarget;
			buildConfigurationList = 8EAE2BCF40A6470C91102D0A /* Build configuration list for PBXAggregateTarget "ZERO_CHECK" */;
			buildPhases = (
				77EA4728D2D041299B931CD6 /* CMake Rules */,
			);
			dependencies = (
			);
			name = ZERO_CHECK;
			productName = ZERO_CHECK;
		};
		B1D09BCBA3D24EE983F900CF /* ALL_BUILD */ = {
			isa = PBXAggregateTarget;
			buildConfigurationList = 00F69C1574414625BD0330BD /* Build configuration list for PBXAggregateTarget "ALL_BUILD" */;
			buildPhases = (
				08D9B8FAE4E34276947BF1C9 /* CMake Rules */,
			);
			dependencies = (
				3B9C63BB951746919EF80CF6 /* PBXTargetDependency */,
				4DD31B71C0F84226B3CD8290 /* PBXTargetDependency */,
				EE841A953A8D4930A6FF2382 /* PBXTargetDependency */,
			);
			name = ALL_BUILD;
			productName = ALL_BUILD;
		};
/* End PBXAggregateTarget section */

/* Begin PBXBuildFile section */
		0A3F724816C24A4093D2A337 /* /Users/wilfriedkamga/Google Drive/Polymtl/INF4710 TPs/TP3/Resources/include/defines.hpp */ = {isa = PBXBuildFile; fileRef = B97213CEDA0F4EF4BD16549C /* /Users/wilfriedkamga/Google Drive/Polymtl/INF4710 TPs/TP3/Resources/include/defines.hpp */; settings = {COMPILER_FLAGS = ""; }; };
		1A6666625C5D429A975F77E4 /* /Users/wilfriedkamga/Google Drive/Polymtl/INF4710 TPs/TP3/Resources/src/calcCarteForce.cpp */ = {isa = PBXBuildFile; fileRef = A3E3D0F0EAF8470EA1085887 /* /Users/wilfriedkamga/Google Drive/Polymtl/INF4710 TPs/TP3/Resources/src/calcCarteForce.cpp */; settings = {COMPILER_FLAGS = ""; }; };
		40A09EA3E1684075B3D73EC8 /* /Users/wilfriedkamga/Google Drive/Polymtl/INF4710 TPs/TP3/Resources/src/lireVideo.cpp */ = {isa = PBXBuildFile; fileRef = 8294D90233524F19BE3F8B84 /* /Users/wilfriedkamga/Google Drive/Polymtl/INF4710 TPs/TP3/Resources/src/lireVideo.cpp */; settings = {COMPILER_FLAGS = ""; }; };
		596454FA8B8B46C9AE1E8B91 /* /Users/wilfriedkamga/Google Drive/Polymtl/INF4710 TPs/TP3/Resources/include/common.hpp */ = {isa = PBXBuildFile; fileRef = 8892C68931F64509B5045DC2 /* /Users/wilfriedkamga/Google Drive/Polymtl/INF4710 TPs/TP3/Resources/include/common.hpp */; settings = {COMPILER_FLAGS = ""; }; };
		6B93F79FDEB4416DADD4751D /* /Users/wilfriedkamga/Google Drive/Polymtl/INF4710 TPs/TP3/Resources/CMakeLists.txt */ = {isa = PBXBuildFile; fileRef = 9CE1F50B7CDC4B37B31B8598 /* /Users/wilfriedkamga/Google Drive/Polymtl/INF4710 TPs/TP3/Resources/CMakeLists.txt */; settings = {COMPILER_FLAGS = ""; }; };
		CE7E9D1B29AE4660BED42610 /* /Users/wilfriedkamga/Google Drive/Polymtl/INF4710 TPs/TP3/Resources/CMakeLists.txt */ = {isa = PBXBuildFile; fileRef = 421D59B928714653A56A657F /* /Users/wilfriedkamga/Google Drive/Polymtl/INF4710 TPs/TP3/Resources/CMakeLists.txt */; settings = {COMPILER_FLAGS = ""; }; };
		DA0112868C0B4E299A49327C /* /Users/wilfriedkamga/Google Drive/Polymtl/INF4710 TPs/TP3/Resources/src/main.cpp */ = {isa = PBXBuildFile; fileRef = 190AC1FC8CF945399F14A659 /* /Users/wilfriedkamga/Google Drive/Polymtl/INF4710 TPs/TP3/Resources/src/main.cpp */; settings = {COMPILER_FLAGS = ""; }; };
/* End PBXBuildFile section */

/* Begin PBXBuildStyle section */
		8EA3D7BBFBAC4F44A036893E = {
			isa = PBXBuildStyle;
		};
		C5C93DDDF97844A382B0F508 /* Release */ = {
			isa = PBXBuildStyle;
			buildSettings = {
				COPY_PHASE_STRIP = NO;
			};
			name = Release;
		};
		C7335C3908F34874A3F80510 /* Debug */ = {
			isa = PBXBuildStyle;
			buildSettings = {
				COPY_PHASE_STRIP = NO;
			};
			name = Debug;
		};
/* End PBXBuildStyle section */

/* Begin PBXContainerItemProxy section */
		3B51734875144D58A5B9C8EF /* PBXContainerItemProxy */ = {
			isa = PBXContainerItemProxy;
			containerPortal = 2C8D532EABB84051B8A62EDE /* Project object */;
			proxyType = 1;
			remoteGlobalIDString = C98E9D1C9414466FA226A1D8;
			remoteInfo = tp3_lib;
		};
		6243BE0E65FB4602A78F91EB /* PBXContainerItemProxy */ = {
			isa = PBXContainerItemProxy;
			containerPortal = 2C8D532EABB84051B8A62EDE /* Project object */;
			proxyType = 1;
			remoteGlobalIDString = 86DC4DB10FCB412D8E7BBEA8;
			remoteInfo = ZERO_CHECK;
		};
		73544F20018E448BA88691F7 /* PBXContainerItemProxy */ = {
			isa = PBXContainerItemProxy;
			containerPortal = 2C8D532EABB84051B8A62EDE /* Project object */;
			proxyType = 1;
			remoteGlobalIDString = 86DC4DB10FCB412D8E7BBEA8;
			remoteInfo = ZERO_CHECK;
		};
		CB3FE9A05FAE422ABE9066B3 /* PBXContainerItemProxy */ = {
			isa = PBXContainerItemProxy;
			containerPortal = 2C8D532EABB84051B8A62EDE /* Project object */;
			proxyType = 1;
			remoteGlobalIDString = A72FD5577F014CE6B376F747;
			remoteInfo = main;
		};
		F58C64B487D34BA0857418ED /* PBXContainerItemProxy */ = {
			isa = PBXContainerItemProxy;
			containerPortal = 2C8D532EABB84051B8A62EDE /* Project object */;
			proxyType = 1;
			remoteGlobalIDString = 86DC4DB10FCB412D8E7BBEA8;
			remoteInfo = ZERO_CHECK;
		};
		F707510677274E5B87A3D0DA /* PBXContainerItemProxy */ = {
			isa = PBXContainerItemProxy;
			containerPortal = 2C8D532EABB84051B8A62EDE /* Project object */;
			proxyType = 1;
			remoteGlobalIDString = C98E9D1C9414466FA226A1D8;
			remoteInfo = tp3_lib;
		};
/* End PBXContainerItemProxy section */

/* Begin PBXFileReference section */
		190AC1FC8CF945399F14A659 /* /Users/wilfriedkamga/Google Drive/Polymtl/INF4710 TPs/TP3/Resources/src/main.cpp */ = {isa = PBXFileReference; explicitFileType = sourcecode.cpp.cpp; fileEncoding = 4; name = main.cpp; path = src/main.cpp; sourceTree = SOURCE_ROOT; };
		421D59B928714653A56A657F /* /Users/wilfriedkamga/Google Drive/Polymtl/INF4710 TPs/TP3/Resources/CMakeLists.txt */ = {isa = PBXFileReference; explicitFileType = sourcecode.text; fileEncoding = 4; name = CMakeLists.txt; path = CMakeLists.txt; sourceTree = SOURCE_ROOT; };
		8294D90233524F19BE3F8B84 /* /Users/wilfriedkamga/Google Drive/Polymtl/INF4710 TPs/TP3/Resources/src/lireVideo.cpp */ = {isa = PBXFileReference; explicitFileType = sourcecode.cpp.cpp; fileEncoding = 4; name = lireVideo.cpp; path = src/lireVideo.cpp; sourceTree = SOURCE_ROOT; };
		8892C68931F64509B5045DC2 /* /Users/wilfriedkamga/Google Drive/Polymtl/INF4710 TPs/TP3/Resources/include/common.hpp */ = {isa = PBXFileReference; explicitFileType = sourcecode.cpp.h; fileEncoding = 4; name = common.hpp; path = include/common.hpp; sourceTree = SOURCE_ROOT; };
		9CE1F50B7CDC4B37B31B8598 /* /Users/wilfriedkamga/Google Drive/Polymtl/INF4710 TPs/TP3/Resources/CMakeLists.txt */ = {isa = PBXFileReference; explicitFileType = sourcecode.text; fileEncoding = 4; name = CMakeLists.txt; path = CMakeLists.txt; sourceTree = SOURCE_ROOT; };
		A3E3D0F0EAF8470EA1085887 /* /Users/wilfriedkamga/Google Drive/Polymtl/INF4710 TPs/TP3/Resources/src/calcCarteForce.cpp */ = {isa = PBXFileReference; explicitFileType = sourcecode.cpp.cpp; fileEncoding = 4; name = calcCarteForce.cpp; path = src/calcCarteForce.cpp; sourceTree = SOURCE_ROOT; };
		B97213CEDA0F4EF4BD16549C /* /Users/wilfriedkamga/Google Drive/Polymtl/INF4710 TPs/TP3/Resources/include/defines.hpp */ = {isa = PBXFileReference; explicitFileType = sourcecode.cpp.h; fileEncoding = 4; name = defines.hpp; path = include/defines.hpp; sourceTree = SOURCE_ROOT; };
		CEBECC2CE78341C19EC22E20 /* /Users/wilfriedkamga/Google Drive/Polymtl/INF4710 TPs/TP3/Resources/CMakeLists.txt */ = {isa = PBXFileReference; explicitFileType = sourcecode.text; fileEncoding = 4; name = CMakeLists.txt; path = CMakeLists.txt; sourceTree = SOURCE_ROOT; };
		D6895A3641794D79BE85C1BE /* main */ = {isa = PBXFileReference; explicitFileType = "compiled.mach-o.executable"; path = main; sourceTree = BUILT_PRODUCTS_DIR; };
		E0584E2B3F8B4F5B905C35AA /* tp3_lib */ = {isa = PBXFileReference; explicitFileType = archive.ar; path = libtp3_lib.a; sourceTree = BUILT_PRODUCTS_DIR; };
		E84DDFEACCA5484BAFEA8152 /* /Users/wilfriedkamga/Google Drive/Polymtl/INF4710 TPs/TP3/Resources/CMakeLists.txt */ = {isa = PBXFileReference; explicitFileType = sourcecode.text; fileEncoding = 4; name = CMakeLists.txt; path = CMakeLists.txt; sourceTree = SOURCE_ROOT; };
/* End PBXFileReference section */

/* Begin PBXGroup section */
		00AE779C48CB4C13A617A11A /* tp3_lib */ = {
			isa = PBXGroup;
			children = (
				DC85D6AB50EF4A6FB976D8C7 /* Source Files */,
				3CAA41EE50AD40C7A152183B /* Header Files */,
				9CE1F50B7CDC4B37B31B8598 /* /Users/wilfriedkamga/Google Drive/Polymtl/INF4710 TPs/TP3/Resources/CMakeLists.txt */,
			);
			name = tp3_lib;
			sourceTree = "<group>";
		};
		18D04828B67348579C10A86B /* ALL_BUILD */ = {
			isa = PBXGroup;
			children = (
				5C9EED7D23064E44A2AE7609 /* CMake Rules */,
				E84DDFEACCA5484BAFEA8152 /* /Users/wilfriedkamga/Google Drive/Polymtl/INF4710 TPs/TP3/Resources/CMakeLists.txt */,
			);
			name = ALL_BUILD;
			sourceTree = "<group>";
		};
		207F4F02AAB74BF196A2E1E5 = {
			isa = PBXGroup;
			children = (
				90B89D6A910840E8B2CDDE32 /* Sources */,
				94C70F3AE914409893460BE9 /* Resources */,
				27514A1ED9CD4D7DB2294EDE /* Products */,
			);
			sourceTree = "<group>";
		};
		27514A1ED9CD4D7DB2294EDE /* Products */ = {
			isa = PBXGroup;
			children = (
				D6895A3641794D79BE85C1BE /* main */,
				E0584E2B3F8B4F5B905C35AA /* tp3_lib */,
			);
			name = Products;
			sourceTree = "<group>";
		};
		3CAA41EE50AD40C7A152183B /* Header Files */ = {
			isa = PBXGroup;
			children = (
				8892C68931F64509B5045DC2 /* /Users/wilfriedkamga/Google Drive/Polymtl/INF4710 TPs/TP3/Resources/include/common.hpp */,
				B97213CEDA0F4EF4BD16549C /* /Users/wilfriedkamga/Google Drive/Polymtl/INF4710 TPs/TP3/Resources/include/defines.hpp */,
			);
			name = "Header Files";
			sourceTree = "<group>";
		};
		5C9EED7D23064E44A2AE7609 /* CMake Rules */ = {
			isa = PBXGroup;
			children = (
			);
			name = "CMake Rules";
			sourceTree = "<group>";
		};
		70D92CA61A874BF8976DEBAD /* ZERO_CHECK */ = {
			isa = PBXGroup;
			children = (
				87E80B0688DB453C950E9F96 /* CMake Rules */,
				CEBECC2CE78341C19EC22E20 /* /Users/wilfriedkamga/Google Drive/Polymtl/INF4710 TPs/TP3/Resources/CMakeLists.txt */,
			);
			name = ZERO_CHECK;
			sourceTree = "<group>";
		};
		87E80B0688DB453C950E9F96 /* CMake Rules */ = {
			isa = PBXGroup;
			children = (
			);
			name = "CMake Rules";
			sourceTree = "<group>";
		};
		90B89D6A910840E8B2CDDE32 /* Sources */ = {
			isa = PBXGroup;
			children = (
				EEE3DD4F60B0424AA0A6D97A /* main */,
				00AE779C48CB4C13A617A11A /* tp3_lib */,
				18D04828B67348579C10A86B /* ALL_BUILD */,
				70D92CA61A874BF8976DEBAD /* ZERO_CHECK */,
			);
			name = Sources;
			sourceTree = "<group>";
		};
		94C70F3AE914409893460BE9 /* Resources */ = {
			isa = PBXGroup;
			children = (
			);
			name = Resources;
			sourceTree = "<group>";
		};
		A6869647F1D2417FB15D3538 /* Source Files */ = {
			isa = PBXGroup;
			children = (
				190AC1FC8CF945399F14A659 /* /Users/wilfriedkamga/Google Drive/Polymtl/INF4710 TPs/TP3/Resources/src/main.cpp */,
			);
			name = "Source Files";
			sourceTree = "<group>";
		};
		DC85D6AB50EF4A6FB976D8C7 /* Source Files */ = {
			isa = PBXGroup;
			children = (
				A3E3D0F0EAF8470EA1085887 /* /Users/wilfriedkamga/Google Drive/Polymtl/INF4710 TPs/TP3/Resources/src/calcCarteForce.cpp */,
				8294D90233524F19BE3F8B84 /* /Users/wilfriedkamga/Google Drive/Polymtl/INF4710 TPs/TP3/Resources/src/lireVideo.cpp */,
			);
			name = "Source Files";
			sourceTree = "<group>";
		};
		EEE3DD4F60B0424AA0A6D97A /* main */ = {
			isa = PBXGroup;
			children = (
				A6869647F1D2417FB15D3538 /* Source Files */,
				421D59B928714653A56A657F /* /Users/wilfriedkamga/Google Drive/Polymtl/INF4710 TPs/TP3/Resources/CMakeLists.txt */,
			);
			name = main;
			sourceTree = "<group>";
		};
/* End PBXGroup section */

/* Begin PBXNativeTarget section */
		A72FD5577F014CE6B376F747 /* main */ = {
			isa = PBXNativeTarget;
			buildConfigurationList = 4C8F375D0DC74B82837398B0 /* Build configuration list for PBXNativeTarget "main" */;
			buildPhases = (
				EE5F9846B5A047D6BDCA1605 /* Sources */,
			);
			buildRules = (
			);
			dependencies = (
				7EFD72CEA3584C66A37BD050 /* PBXTargetDependency */,
				99866C9AC75145DF8E9FB3FF /* PBXTargetDependency */,
			);
			name = main;
			productName = main;
			productReference = D6895A3641794D79BE85C1BE /* main */;
			productType = "com.apple.product-type.tool";
		};
		C98E9D1C9414466FA226A1D8 /* tp3_lib */ = {
			isa = PBXNativeTarget;
			buildConfigurationList = 99993A311CB84C429B543C57 /* Build configuration list for PBXNativeTarget "tp3_lib" */;
			buildPhases = (
				E58E2FE98BCE4C568AB1614C /* Sources */,
			);
			buildRules = (
			);
			dependencies = (
				99EEF15BDD2E47DBBC1EED3D /* PBXTargetDependency */,
			);
			name = tp3_lib;
			productName = tp3_lib;
			productReference = E0584E2B3F8B4F5B905C35AA /* tp3_lib */;
			productType = "com.apple.product-type.library.static";
		};
/* End PBXNativeTarget section */

/* Begin PBXProject section */
		2C8D532EABB84051B8A62EDE /* Project object */ = {
			isa = PBXProject;
			attributes = {
				BuildIndependentTargetsInParallel = YES;
				LastUpgradeCheck = 0900;
			};
			buildConfigurationList = 1CA0BC36519A46D89FA654E1 /* Build configuration list for PBXProject "INF4710_TP3" */;
			buildSettings = {
			};
			buildStyles = (
				C7335C3908F34874A3F80510 /* Debug */,
				C5C93DDDF97844A382B0F508 /* Release */,
			);
			compatibilityVersion = "Xcode 3.2";
			hasScannedForEncodings = 0;
			mainGroup = 207F4F02AAB74BF196A2E1E5;
			projectDirPath = "/Users/wilfriedkamga/Google Drive/Polymtl/INF4710 TPs/TP3/Resources";
			projectRoot = "";
			targets = (
				B1D09BCBA3D24EE983F900CF /* ALL_BUILD */,
				86DC4DB10FCB412D8E7BBEA8 /* ZERO_CHECK */,
				A72FD5577F014CE6B376F747 /* main */,
				C98E9D1C9414466FA226A1D8 /* tp3_lib */,
			);
		};
/* End PBXProject section */

/* Begin PBXShellScriptBuildPhase section */
		08D9B8FAE4E34276947BF1C9 /* CMake Rules */ = {
			isa = PBXShellScriptBuildPhase;
			buildActionMask = 2147483647;
			files = (
			);
			name = "CMake Rules";
			runOnlyForDeploymentPostprocessing = 0;
			shellPath = /bin/sh;
			shellScript = "make -C /Users/wilfriedkamga/Google\\ Drive/Polymtl/INF4710\\ TPs/TP3/Solution -f /Users/wilfriedkamga/Google\\ Drive/Polymtl/INF4710\\ TPs/TP3/Solution/CMakeScripts/ALL_BUILD_cmakeRulesBuildPhase.make$CONFIGURATION all";
			showEnvVarsInLog = 0;
		};
		77EA4728D2D041299B931CD6 /* CMake Rules */ = {
			isa = PBXShellScriptBuildPhase;
			buildActionMask = 2147483647;
			files = (
			);
			name = "CMake Rules";
			runOnlyForDeploymentPostprocessing = 0;
			shellPath = /bin/sh;
			shellScript = "make -C /Users/wilfriedkamga/Google\\ Drive/Polymtl/INF4710\\ TPs/TP3/Solution -f /Users/wilfriedkamga/Google\\ Drive/Polymtl/INF4710\\ TPs/TP3/Solution/CMakeScripts/ZERO_CHECK_cmakeRulesBuildPhase.make$CONFIGURATION all";
			showEnvVarsInLog = 0;
		};
		DE2F48E0E7734AA6A8E39428 = {
			isa = PBXShellScriptBuildPhase;
			buildActionMask = 2147483647;
			files = (
			);
			inputPaths = (
			);
			outputPaths = (
			);
			runOnlyForDeploymentPostprocessing = 0;
			shellPath = /bin/sh;
			shellScript = "# shell script goes here
exit 0";
			showEnvVarsInLog = 0;
		};
		F7189480BCF14AF68DF36586 = {
			isa = PBXShellScriptBuildPhase;
			buildActionMask = 2147483647;
			files = (
			);
			inputPaths = (
			);
			outputPaths = (
			);
			runOnlyForDeploymentPostprocessing = 0;
			shellPath = /bin/sh;
			shellScript = "# shell script goes here
exit 0";
			showEnvVarsInLog = 0;
		};
/* End PBXShellScriptBuildPhase section */

/* Begin PBXSourcesBuildPhase section */
		E58E2FE98BCE4C568AB1614C /* Sources */ = {
			isa = PBXSourcesBuildPhase;
			buildActionMask = 2147483647;
			files = (
				1A6666625C5D429A975F77E4 /* /Users/wilfriedkamga/Google Drive/Polymtl/INF4710 TPs/TP3/Resources/src/calcCarteForce.cpp */,
				40A09EA3E1684075B3D73EC8 /* /Users/wilfriedkamga/Google Drive/Polymtl/INF4710 TPs/TP3/Resources/src/lireVideo.cpp */,
			);
			runOnlyForDeploymentPostprocessing = 0;
		};
		EE5F9846B5A047D6BDCA1605 /* Sources */ = {
			isa = PBXSourcesBuildPhase;
			buildActionMask = 2147483647;
			files = (
				DA0112868C0B4E299A49327C /* /Users/wilfriedkamga/Google Drive/Polymtl/INF4710 TPs/TP3/Resources/src/main.cpp */,
			);
			runOnlyForDeploymentPostprocessing = 0;
		};
/* End PBXSourcesBuildPhase section */

/* Begin PBXTargetDependency section */
		3B9C63BB951746919EF80CF6 /* PBXTargetDependency */ = {
			isa = PBXTargetDependency;
			target = 86DC4DB10FCB412D8E7BBEA8 /* ZERO_CHECK */;
			targetProxy = 73544F20018E448BA88691F7 /* PBXContainerItemProxy */;
		};
		4DD31B71C0F84226B3CD8290 /* PBXTargetDependency */ = {
			isa = PBXTargetDependency;
			target = A72FD5577F014CE6B376F747 /* main */;
			targetProxy = CB3FE9A05FAE422ABE9066B3 /* PBXContainerItemProxy */;
		};
		7EFD72CEA3584C66A37BD050 /* PBXTargetDependency */ = {
			isa = PBXTargetDependency;
			target = 86DC4DB10FCB412D8E7BBEA8 /* ZERO_CHECK */;
			targetProxy = F58C64B487D34BA0857418ED /* PBXContainerItemProxy */;
		};
		99866C9AC75145DF8E9FB3FF /* PBXTargetDependency */ = {
			isa = PBXTargetDependency;
			target = C98E9D1C9414466FA226A1D8 /* tp3_lib */;
			targetProxy = 3B51734875144D58A5B9C8EF /* PBXContainerItemProxy */;
		};
		99EEF15BDD2E47DBBC1EED3D /* PBXTargetDependency */ = {
			isa = PBXTargetDependency;
			target = 86DC4DB10FCB412D8E7BBEA8 /* ZERO_CHECK */;
			targetProxy = 6243BE0E65FB4602A78F91EB /* PBXContainerItemProxy */;
		};
		EE841A953A8D4930A6FF2382 /* PBXTargetDependency */ = {
			isa = PBXTargetDependency;
			target = C98E9D1C9414466FA226A1D8 /* tp3_lib */;
			targetProxy = F707510677274E5B87A3D0DA /* PBXContainerItemProxy */;
		};
/* End PBXTargetDependency section */

/* Begin XCBuildConfiguration section */
		0E6D8C3B98D04CB8A4442F5C /* Debug */ = {
			isa = XCBuildConfiguration;
			buildSettings = {
				ONLY_ACTIVE_ARCH = YES;
				SDKROOT = /Applications/Xcode.app/Contents/Developer/Platforms/MacOSX.platform/Developer/SDKs/MacOSX10.13.sdk;
				SYMROOT = "/Users/wilfriedkamga/Google Drive/Polymtl/INF4710 TPs/TP3/Solution/build";
			};
			name = Debug;
		};
		636442D41A0B43D099DD4507 /* Debug */ = {
			isa = XCBuildConfiguration;
			buildSettings = {
				COMBINE_HIDPI_IMAGES = YES;
				EXECUTABLE_PREFIX = lib;
				EXECUTABLE_SUFFIX = .a;
				GCC_GENERATE_DEBUGGING_SYMBOLS = YES;
				GCC_INLINES_ARE_PRIVATE_EXTERN = NO;
				GCC_OPTIMIZATION_LEVEL = 0;
				GCC_PREPROCESSOR_DEFINITIONS = ("'CMAKE_INTDIR=\"$(CONFIGURATION)$(EFFECTIVE_PLATFORM_NAME)\"'",DEBUG,_DEBUG);
				GCC_SYMBOLS_PRIVATE_EXTERN = NO;
				HEADER_SEARCH_PATHS = (/usr/local/include,/usr/local/include/opencv,"\"/Users/wilfriedkamga/Google Drive/Polymtl/INF4710 TPs/TP3/Resources/include\"","\"/Users/wilfriedkamga/Google Drive/Polymtl/INF4710 TPs/TP3/Solution/include\"");
				INSTALL_PATH = "";
				LIBRARY_STYLE = STATIC;
				OTHER_CPLUSPLUSFLAGS = " -std=c++11    '-std=gnu++11'   -march=native -Wall";
				OTHER_LIBTOOLFLAGS = " ";
				OTHER_REZFLAGS = "";
				PRODUCT_NAME = tp3_lib;
				SECTORDER_FLAGS = "";
				SYMROOT = "/Users/wilfriedkamga/Google Drive/Polymtl/INF4710 TPs/TP3/Solution";
				USE_HEADERMAP = NO;
				WARNING_CFLAGS = ("-Wmost","-Wno-four-char-constants","-Wno-unknown-pragmas","$(inherited)");
			};
			name = Debug;
		};
		6450274E030341CCBF16C47C /* Release */ = {
			isa = XCBuildConfiguration;
			buildSettings = {
				COMBINE_HIDPI_IMAGES = YES;
				CONFIGURATION_BUILD_DIR = "/Users/wilfriedkamga/Google Drive/Polymtl/INF4710 TPs/TP3/Solution/bin";
				EXECUTABLE_PREFIX = "";
				EXECUTABLE_SUFFIX = "";
				GCC_GENERATE_DEBUGGING_SYMBOLS = NO;
				GCC_INLINES_ARE_PRIVATE_EXTERN = NO;
				GCC_OPTIMIZATION_LEVEL = 3;
				GCC_PREPROCESSOR_DEFINITIONS = ("'CMAKE_INTDIR=\"$(CONFIGURATION)$(EFFECTIVE_PLATFORM_NAME)\"'");
				GCC_SYMBOLS_PRIVATE_EXTERN = NO;
				HEADER_SEARCH_PATHS = (/usr/local/include,/usr/local/include/opencv,"\"/Users/wilfriedkamga/Google Drive/Polymtl/INF4710 TPs/TP3/Resources/include\"","\"/Users/wilfriedkamga/Google Drive/Polymtl/INF4710 TPs/TP3/Solution/include\"");
				INSTALL_PATH = "";
				LD_RUNPATH_SEARCH_PATHS = /usr/local/lib;
				LIBRARY_SEARCH_PATHS = "";
				OTHER_CPLUSPLUSFLAGS = " -std=c++11     -DNDEBUG '-std=gnu++11'   -march=native -Wall";
				OTHER_LDFLAGS = " -Wl,-search_paths_first -Wl,-headerpad_max_install_names  \"/Users/wilfriedkamga/Google Drive/Polymtl/INF4710 TPs/TP3/Solution/Release/libtp3_lib.a\" /usr/local/lib/libopencv_dnn.3.3.0.dylib /usr/local/lib/libopencv_ml.3.3.0.dylib /usr/local/lib/libopencv_objdetect.3.3.0.dylib /usr/local/lib/libopencv_shape.3.3.0.dylib /usr/local/lib/libopencv_stitching.3.3.0.dylib /usr/local/lib/libopencv_superres.3.3.0.dylib /usr/local/lib/libopencv_videostab.3.3.0.dylib /usr/local/lib/libopencv_calib3d.3.3.0.dylib /usr/local/lib/libopencv_features2d.3.3.0.dylib /usr/local/lib/libopencv_flann.3.3.0.dylib /usr/local/lib/libopencv_highgui.3.3.0.dylib /usr/local/lib/libopencv_photo.3.3.0.dylib /usr/local/lib/libopencv_video.3.3.0.dylib /usr/local/lib/libopencv_videoio.3.3.0.dylib /usr/local/lib/libopencv_imgcodecs.3.3.0.dylib /usr/local/lib/libopencv_imgproc.3.3.0.dylib /usr/local/lib/libopencv_core.3.3.0.dylib";
				OTHER_REZFLAGS = "";
				PRODUCT_NAME = main;
				SECTORDER_FLAGS = "";
				SYMROOT = "/Users/wilfriedkamga/Google Drive/Polymtl/INF4710 TPs/TP3/Solution";
				USE_HEADERMAP = NO;
				WARNING_CFLAGS = ("-Wmost","-Wno-four-char-constants","-Wno-unknown-pragmas","$(inherited)");
			};
			name = Release;
		};
		700B4C9875E34D9FA0E3C4CD /* Release */ = {
			isa = XCBuildConfiguration;
			buildSettings = {
				COMBINE_HIDPI_IMAGES = YES;
				GCC_GENERATE_DEBUGGING_SYMBOLS = YES;
				GCC_INLINES_ARE_PRIVATE_EXTERN = NO;
				GCC_OPTIMIZATION_LEVEL = 0;
				GCC_PREPROCESSOR_DEFINITIONS = ("'CMAKE_INTDIR=\"$(CONFIGURATION)$(EFFECTIVE_PLATFORM_NAME)\"'");
				GCC_SYMBOLS_PRIVATE_EXTERN = NO;
				HEADER_SEARCH_PATHS = (/usr/local/include,/usr/local/include/opencv,"\"/Users/wilfriedkamga/Google Drive/Polymtl/INF4710 TPs/TP3/Resources/include\"","\"/Users/wilfriedkamga/Google Drive/Polymtl/INF4710 TPs/TP3/Solution/include\"");
				INSTALL_PATH = "";
				OTHER_LDFLAGS = " ";
				OTHER_REZFLAGS = "";
				PRODUCT_NAME = ZERO_CHECK;
				SECTORDER_FLAGS = "";
				SYMROOT = "/Users/wilfriedkamga/Google Drive/Polymtl/INF4710 TPs/TP3/Solution";
				USE_HEADERMAP = NO;
				WARNING_CFLAGS = ("-Wmost","-Wno-four-char-constants","-Wno-unknown-pragmas","$(inherited)");
			};
			name = Release;
		};
		87E650034DFB494BB5E9AFC6 /* Release */ = {
			isa = XCBuildConfiguration;
			buildSettings = {
				ONLY_ACTIVE_ARCH = YES;
				SDKROOT = /Applications/Xcode.app/Contents/Developer/Platforms/MacOSX.platform/Developer/SDKs/MacOSX10.13.sdk;
				SYMROOT = "/Users/wilfriedkamga/Google Drive/Polymtl/INF4710 TPs/TP3/Solution/build";
			};
			name = Release;
		};
		8890E445FBDF4EF2B68A84C5 /* Debug */ = {
			isa = XCBuildConfiguration;
			buildSettings = {
				COMBINE_HIDPI_IMAGES = YES;
				GCC_GENERATE_DEBUGGING_SYMBOLS = YES;
				GCC_INLINES_ARE_PRIVATE_EXTERN = NO;
				GCC_OPTIMIZATION_LEVEL = 0;
				GCC_PREPROCESSOR_DEFINITIONS = ("'CMAKE_INTDIR=\"$(CONFIGURATION)$(EFFECTIVE_PLATFORM_NAME)\"'");
				GCC_SYMBOLS_PRIVATE_EXTERN = NO;
				HEADER_SEARCH_PATHS = (/usr/local/include,/usr/local/include/opencv,"\"/Users/wilfriedkamga/Google Drive/Polymtl/INF4710 TPs/TP3/Resources/include\"","\"/Users/wilfriedkamga/Google Drive/Polymtl/INF4710 TPs/TP3/Solution/include\"");
				INSTALL_PATH = "";
				OTHER_LDFLAGS = " ";
				OTHER_REZFLAGS = "";
				PRODUCT_NAME = ZERO_CHECK;
				SECTORDER_FLAGS = "";
				SYMROOT = "/Users/wilfriedkamga/Google Drive/Polymtl/INF4710 TPs/TP3/Solution";
				USE_HEADERMAP = NO;
				WARNING_CFLAGS = ("-Wmost","-Wno-four-char-constants","-Wno-unknown-pragmas","$(inherited)");
			};
			name = Debug;
		};
		989C249435DD48E780766709 /* Debug */ = {
			isa = XCBuildConfiguration;
			buildSettings = {
				COMBINE_HIDPI_IMAGES = YES;
				CONFIGURATION_BUILD_DIR = "/Users/wilfriedkamga/Google Drive/Polymtl/INF4710 TPs/TP3/Solution/bin";
				EXECUTABLE_PREFIX = "";
				EXECUTABLE_SUFFIX = "";
				GCC_GENERATE_DEBUGGING_SYMBOLS = YES;
				GCC_INLINES_ARE_PRIVATE_EXTERN = NO;
				GCC_OPTIMIZATION_LEVEL = 0;
				GCC_PREPROCESSOR_DEFINITIONS = ("'CMAKE_INTDIR=\"$(CONFIGURATION)$(EFFECTIVE_PLATFORM_NAME)\"'",DEBUG,_DEBUG);
				GCC_SYMBOLS_PRIVATE_EXTERN = NO;
				HEADER_SEARCH_PATHS = (/usr/local/include,/usr/local/include/opencv,"\"/Users/wilfriedkamga/Google Drive/Polymtl/INF4710 TPs/TP3/Resources/include\"","\"/Users/wilfriedkamga/Google Drive/Polymtl/INF4710 TPs/TP3/Solution/include\"");
				INSTALL_PATH = "";
				LD_RUNPATH_SEARCH_PATHS = /usr/local/lib;
				LIBRARY_SEARCH_PATHS = "";
				OTHER_CPLUSPLUSFLAGS = " -std=c++11    '-std=gnu++11'   -march=native -Wall";
				OTHER_LDFLAGS = " -Wl,-search_paths_first -Wl,-headerpad_max_install_names  \"/Users/wilfriedkamga/Google Drive/Polymtl/INF4710 TPs/TP3/Solution/Debug/libtp3_lib.a\" /usr/local/lib/libopencv_dnn.3.3.0.dylib /usr/local/lib/libopencv_ml.3.3.0.dylib /usr/local/lib/libopencv_objdetect.3.3.0.dylib /usr/local/lib/libopencv_shape.3.3.0.dylib /usr/local/lib/libopencv_stitching.3.3.0.dylib /usr/local/lib/libopencv_superres.3.3.0.dylib /usr/local/lib/libopencv_videostab.3.3.0.dylib /usr/local/lib/libopencv_calib3d.3.3.0.dylib /usr/local/lib/libopencv_features2d.3.3.0.dylib /usr/local/lib/libopencv_flann.3.3.0.dylib /usr/local/lib/libopencv_highgui.3.3.0.dylib /usr/local/lib/libopencv_photo.3.3.0.dylib /usr/local/lib/libopencv_video.3.3.0.dylib /usr/local/lib/libopencv_videoio.3.3.0.dylib /usr/local/lib/libopencv_imgcodecs.3.3.0.dylib /usr/local/lib/libopencv_imgproc.3.3.0.dylib /usr/local/lib/libopencv_core.3.3.0.dylib";
				OTHER_REZFLAGS = "";
				PRODUCT_NAME = main;
				SECTORDER_FLAGS = "";
				SYMROOT = "/Users/wilfriedkamga/Google Drive/Polymtl/INF4710 TPs/TP3/Solution";
				USE_HEADERMAP = NO;
				WARNING_CFLAGS = ("-Wmost","-Wno-four-char-constants","-Wno-unknown-pragmas","$(inherited)");
			};
			name = Debug;
		};
		C192E695D472418D88FA6921 /* Release */ = {
			isa = XCBuildConfiguration;
			buildSettings = {
				COMBINE_HIDPI_IMAGES = YES;
				GCC_GENERATE_DEBUGGING_SYMBOLS = YES;
				GCC_INLINES_ARE_PRIVATE_EXTERN = NO;
				GCC_OPTIMIZATION_LEVEL = 0;
				GCC_PREPROCESSOR_DEFINITIONS = ("'CMAKE_INTDIR=\"$(CONFIGURATION)$(EFFECTIVE_PLATFORM_NAME)\"'");
				GCC_SYMBOLS_PRIVATE_EXTERN = NO;
				HEADER_SEARCH_PATHS = (/usr/local/include,/usr/local/include/opencv,"\"/Users/wilfriedkamga/Google Drive/Polymtl/INF4710 TPs/TP3/Resources/include\"","\"/Users/wilfriedkamga/Google Drive/Polymtl/INF4710 TPs/TP3/Solution/include\"");
				INSTALL_PATH = "";
				OTHER_LDFLAGS = " ";
				OTHER_REZFLAGS = "";
				PRODUCT_NAME = ALL_BUILD;
				SECTORDER_FLAGS = "";
				SYMROOT = "/Users/wilfriedkamga/Google Drive/Polymtl/INF4710 TPs/TP3/Solution";
				USE_HEADERMAP = NO;
				WARNING_CFLAGS = ("-Wmost","-Wno-four-char-constants","-Wno-unknown-pragmas","$(inherited)");
			};
			name = Release;
		};
		C77E9E44013745C78937E10D /* Debug */ = {
			isa = XCBuildConfiguration;
			buildSettings = {
				COMBINE_HIDPI_IMAGES = YES;
				GCC_GENERATE_DEBUGGING_SYMBOLS = YES;
				GCC_INLINES_ARE_PRIVATE_EXTERN = NO;
				GCC_OPTIMIZATION_LEVEL = 0;
				GCC_PREPROCESSOR_DEFINITIONS = ("'CMAKE_INTDIR=\"$(CONFIGURATION)$(EFFECTIVE_PLATFORM_NAME)\"'");
				GCC_SYMBOLS_PRIVATE_EXTERN = NO;
				HEADER_SEARCH_PATHS = (/usr/local/include,/usr/local/include/opencv,"\"/Users/wilfriedkamga/Google Drive/Polymtl/INF4710 TPs/TP3/Resources/include\"","\"/Users/wilfriedkamga/Google Drive/Polymtl/INF4710 TPs/TP3/Solution/include\"");
				INSTALL_PATH = "";
				OTHER_LDFLAGS = " ";
				OTHER_REZFLAGS = "";
				PRODUCT_NAME = ALL_BUILD;
				SECTORDER_FLAGS = "";
				SYMROOT = "/Users/wilfriedkamga/Google Drive/Polymtl/INF4710 TPs/TP3/Solution";
				USE_HEADERMAP = NO;
				WARNING_CFLAGS = ("-Wmost","-Wno-four-char-constants","-Wno-unknown-pragmas","$(inherited)");
			};
			name = Debug;
		};
		C828099593B14126AA0CA287 /* Release */ = {
			isa = XCBuildConfiguration;
			buildSettings = {
				COMBINE_HIDPI_IMAGES = YES;
				EXECUTABLE_PREFIX = lib;
				EXECUTABLE_SUFFIX = .a;
				GCC_GENERATE_DEBUGGING_SYMBOLS = NO;
				GCC_INLINES_ARE_PRIVATE_EXTERN = NO;
				GCC_OPTIMIZATION_LEVEL = 3;
				GCC_PREPROCESSOR_DEFINITIONS = ("'CMAKE_INTDIR=\"$(CONFIGURATION)$(EFFECTIVE_PLATFORM_NAME)\"'");
				GCC_SYMBOLS_PRIVATE_EXTERN = NO;
				HEADER_SEARCH_PATHS = (/usr/local/include,/usr/local/include/opencv,"\"/Users/wilfriedkamga/Google Drive/Polymtl/INF4710 TPs/TP3/Resources/include\"","\"/Users/wilfriedkamga/Google Drive/Polymtl/INF4710 TPs/TP3/Solution/include\"");
				INSTALL_PATH = "";
				LIBRARY_STYLE = STATIC;
				OTHER_CPLUSPLUSFLAGS = " -std=c++11     -DNDEBUG '-std=gnu++11'   -march=native -Wall";
				OTHER_LIBTOOLFLAGS = " ";
				OTHER_REZFLAGS = "";
				PRODUCT_NAME = tp3_lib;
				SECTORDER_FLAGS = "";
				SYMROOT = "/Users/wilfriedkamga/Google Drive/Polymtl/INF4710 TPs/TP3/Solution";
				USE_HEADERMAP = NO;
				WARNING_CFLAGS = ("-Wmost","-Wno-four-char-constants","-Wno-unknown-pragmas","$(inherited)");
			};
			name = Release;
		};
/* End XCBuildConfiguration section */

/* Begin XCConfigurationList section */
		00F69C1574414625BD0330BD /* Build configuration list for PBXAggregateTarget "ALL_BUILD" */ = {
			isa = XCConfigurationList;
			buildConfigurations = (
				C77E9E44013745C78937E10D /* Debug */,
				C192E695D472418D88FA6921 /* Release */,
			);
			defaultConfigurationIsVisible = 0;
			defaultConfigurationName = Debug;
		};
		1CA0BC36519A46D89FA654E1 /* Build configuration list for PBXProject "INF4710_TP3" */ = {
			isa = XCConfigurationList;
			buildConfigurations = (
				0E6D8C3B98D04CB8A4442F5C /* Debug */,
				87E650034DFB494BB5E9AFC6 /* Release */,
			);
			defaultConfigurationIsVisible = 0;
			defaultConfigurationName = Debug;
		};
		4C8F375D0DC74B82837398B0 /* Build configuration list for PBXNativeTarget "main" */ = {
			isa = XCConfigurationList;
			buildConfigurations = (
				989C249435DD48E780766709 /* Debug */,
				6450274E030341CCBF16C47C /* Release */,
			);
			defaultConfigurationIsVisible = 0;
			defaultConfigurationName = Debug;
		};
		8EAE2BCF40A6470C91102D0A /* Build configuration list for PBXAggregateTarget "ZERO_CHECK" */ = {
			isa = XCConfigurationList;
			buildConfigurations = (
				8890E445FBDF4EF2B68A84C5 /* Debug */,
				700B4C9875E34D9FA0E3C4CD /* Release */,
			);
			defaultConfigurationIsVisible = 0;
			defaultConfigurationName = Debug;
		};
		99993A311CB84C429B543C57 /* Build configuration list for PBXNativeTarget "tp3_lib" */ = {
			isa = XCConfigurationList;
			buildConfigurations = (
				636442D41A0B43D099DD4507 /* Debug */,
				C828099593B14126AA0CA287 /* Release */,
			);
			defaultConfigurationIsVisible = 0;
			defaultConfigurationName = Debug;
		};
/* End XCConfigurationList section */
	};
	rootObject = 2C8D532EABB84051B8A62EDE /* Project object */;
}
